// !$*UTF8*$!
{
	archiveVersion = 1;
	classes = {
	};
	objectVersion = 50;
	objects = {

/* Begin PBXBuildFile section */
		344D5349209A0EA4005DF64E /* AppDelegate.swift in Sources */ = {isa = PBXBuildFile; fileRef = 344D5348209A0EA4005DF64E /* AppDelegate.swift */; };
		344D534B209A0EA4005DF64E /* ViewController.swift in Sources */ = {isa = PBXBuildFile; fileRef = 344D534A209A0EA4005DF64E /* ViewController.swift */; };
		344D534E209A0EA4005DF64E /* Main.storyboard in Resources */ = {isa = PBXBuildFile; fileRef = 344D534C209A0EA4005DF64E /* Main.storyboard */; };
		344D5351209A0EA4005DF64E /* Couchto5k.xcdatamodeld in Sources */ = {isa = PBXBuildFile; fileRef = 344D534F209A0EA4005DF64E /* Couchto5k.xcdatamodeld */; };
		344D5353209A0EA5005DF64E /* Assets.xcassets in Resources */ = {isa = PBXBuildFile; fileRef = 344D5352209A0EA5005DF64E /* Assets.xcassets */; };
		344D5356209A0EA5005DF64E /* LaunchScreen.storyboard in Resources */ = {isa = PBXBuildFile; fileRef = 344D5354209A0EA5005DF64E /* LaunchScreen.storyboard */; };
		344D535E209A0FE5005DF64E /* APIService.swift in Sources */ = {isa = PBXBuildFile; fileRef = 344D535D209A0FE5005DF64E /* APIService.swift */; };
		344D5360209A1204005DF64E /* workoutPlan.json in Resources */ = {isa = PBXBuildFile; fileRef = 344D535F209A1204005DF64E /* workoutPlan.json */; };
/* End PBXBuildFile section */

/* Begin PBXFileReference section */
		344D5345209A0EA4005DF64E /* Couchto5k.app */ = {isa = PBXFileReference; explicitFileType = wrapper.application; includeInIndex = 0; path = Couchto5k.app; sourceTree = BUILT_PRODUCTS_DIR; };
		344D5348209A0EA4005DF64E /* AppDelegate.swift */ = {isa = PBXFileReference; lastKnownFileType = sourcecode.swift; path = AppDelegate.swift; sourceTree = "<group>"; };
		344D534A209A0EA4005DF64E /* ViewController.swift */ = {isa = PBXFileReference; lastKnownFileType = sourcecode.swift; path = ViewController.swift; sourceTree = "<group>"; };
		344D534D209A0EA4005DF64E /* Base */ = {isa = PBXFileReference; lastKnownFileType = file.storyboard; name = Base; path = Base.lproj/Main.storyboard; sourceTree = "<group>"; };
		344D5350209A0EA4005DF64E /* Couchto5k.xcdatamodel */ = {isa = PBXFileReference; lastKnownFileType = wrapper.xcdatamodel; path = Couchto5k.xcdatamodel; sourceTree = "<group>"; };
		344D5352209A0EA5005DF64E /* Assets.xcassets */ = {isa = PBXFileReference; lastKnownFileType = folder.assetcatalog; path = Assets.xcassets; sourceTree = "<group>"; };
		344D5355209A0EA5005DF64E /* Base */ = {isa = PBXFileReference; lastKnownFileType = file.storyboard; name = Base; path = Base.lproj/LaunchScreen.storyboard; sourceTree = "<group>"; };
		344D5357209A0EA5005DF64E /* Info.plist */ = {isa = PBXFileReference; lastKnownFileType = text.plist.xml; path = Info.plist; sourceTree = "<group>"; };
		344D535D209A0FE5005DF64E /* APIService.swift */ = {isa = PBXFileReference; lastKnownFileType = sourcecode.swift; path = APIService.swift; sourceTree = "<group>"; };
		344D535F209A1204005DF64E /* workoutPlan.json */ = {isa = PBXFileReference; lastKnownFileType = text.json; path = workoutPlan.json; sourceTree = "<group>"; };
/* End PBXFileReference section */

/* Begin PBXFrameworksBuildPhase section */
		344D5342209A0EA4005DF64E /* Frameworks */ = {
			isa = PBXFrameworksBuildPhase;
			buildActionMask = 2147483647;
			files = (
			);
			runOnlyForDeploymentPostprocessing = 0;
		};
/* End PBXFrameworksBuildPhase section */

/* Begin PBXGroup section */
		344D533C209A0EA4005DF64E = {
			isa = PBXGroup;
			children = (
				344D5347209A0EA4005DF64E /* Couchto5k */,
				344D5346209A0EA4005DF64E /* Products */,
			);
			sourceTree = "<group>";
		};
		344D5346209A0EA4005DF64E /* Products */ = {
			isa = PBXGroup;
			children = (
				344D5345209A0EA4005DF64E /* Couchto5k.app */,
			);
			name = Products;
			sourceTree = "<group>";
		};
		344D5347209A0EA4005DF64E /* Couchto5k */ = {
			isa = PBXGroup;
			children = (
				344D5348209A0EA4005DF64E /* AppDelegate.swift */,
				344D534A209A0EA4005DF64E /* ViewController.swift */,
				344D535F209A1204005DF64E /* workoutPlan.json */,
				344D535D209A0FE5005DF64E /* APIService.swift */,
				344D534C209A0EA4005DF64E /* Main.storyboard */,
				344D5352209A0EA5005DF64E /* Assets.xcassets */,
				344D5354209A0EA5005DF64E /* LaunchScreen.storyboard */,
				344D5357209A0EA5005DF64E /* Info.plist */,
				344D534F209A0EA4005DF64E /* Couchto5k.xcdatamodeld */,
			);
			path = Couchto5k;
			sourceTree = "<group>";
		};
/* End PBXGroup section */

/* Begin PBXNativeTarget section */
		344D5344209A0EA4005DF64E /* Couchto5k */ = {
			isa = PBXNativeTarget;
			buildConfigurationList = 344D535A209A0EA5005DF64E /* Build configuration list for PBXNativeTarget "Couchto5k" */;
			buildPhases = (
				344D5341209A0EA4005DF64E /* Sources */,
				344D5342209A0EA4005DF64E /* Frameworks */,
				344D5343209A0EA4005DF64E /* Resources */,
			);
			buildRules = (
			);
			dependencies = (
			);
			name = Couchto5k;
			productName = Couchto5k;
			productReference = 344D5345209A0EA4005DF64E /* Couchto5k.app */;
			productType = "com.apple.product-type.application";
		};
/* End PBXNativeTarget section */

/* Begin PBXProject section */
		344D533D209A0EA4005DF64E /* Project object */ = {
			isa = PBXProject;
			attributes = {
				LastSwiftUpdateCheck = 0930;
				LastUpgradeCheck = 0930;
				ORGANIZATIONNAME = "Taylor Chan";
				TargetAttributes = {
					344D5344209A0EA4005DF64E = {
						CreatedOnToolsVersion = 9.3;
					};
				};
			};
			buildConfigurationList = 344D5340209A0EA4005DF64E /* Build configuration list for PBXProject "Couchto5k" */;
			compatibilityVersion = "Xcode 9.3";
			developmentRegion = en;
			hasScannedForEncodings = 0;
			knownRegions = (
				en,
				Base,
			);
			mainGroup = 344D533C209A0EA4005DF64E;
			productRefGroup = 344D5346209A0EA4005DF64E /* Products */;
			projectDirPath = "";
			projectRoot = "";
			targets = (
				344D5344209A0EA4005DF64E /* Couchto5k */,
			);
		};
/* End PBXProject section */

/* Begin PBXResourcesBuildPhase section */
		344D5343209A0EA4005DF64E /* Resources */ = {
			isa = PBXResourcesBuildPhase;
			buildActionMask = 2147483647;
			files = (
				344D5356209A0EA5005DF64E /* LaunchScreen.storyboard in Resources */,
				344D5353209A0EA5005DF64E /* Assets.xcassets in Resources */,
				344D5360209A1204005DF64E /* workoutPlan.json in Resources */,
				344D534E209A0EA4005DF64E /* Main.storyboard in Resources */,
			);
			runOnlyForDeploymentPostprocessing = 0;
		};
/* End PBXResourcesBuildPhase section */

/* Begin PBXSourcesBuildPhase section */
		344D5341209A0EA4005DF64E /* Sources */ = {
			isa = PBXSourcesBuildPhase;
			buildActionMask = 2147483647;
			files = (
				344D5351209A0EA4005DF64E /* Couchto5k.xcdatamodeld in Sources */,
				344D534B209A0EA4005DF64E /* ViewController.swift in Sources */,
				344D535E209A0FE5005DF64E /* APIService.swift in Sources */,
				344D5349209A0EA4005DF64E /* AppDelegate.swift in Sources */,
			);
			runOnlyForDeploymentPostprocessing = 0;
		};
/* End PBXSourcesBuildPhase section */

/* Begin PBXVariantGroup section */
		344D534C209A0EA4005DF64E /* Main.storyboard */ = {
			isa = PBXVariantGroup;
			children = (
				344D534D209A0EA4005DF64E /* Base */,
			);
			name = Main.storyboard;
			sourceTree = "<group>";
		};
		344D5354209A0EA5005DF64E /* LaunchScreen.storyboard */ = {
			isa = PBXVariantGroup;
			children = (
				344D5355209A0EA5005DF64E /* Base */,
			);
			name = LaunchScreen.storyboard;
			sourceTree = "<group>";
		};
/* End PBXVariantGroup section */

/* Begin XCBuildConfiguration section */
		344D5358209A0EA5005DF64E /* Debug */ = {
			isa = XCBuildConfiguration;
			buildSettings = {
				ALWAYS_SEARCH_USER_PATHS = NO;
				CLANG_ANALYZER_NONNULL = YES;
				CLANG_ANALYZER_NUMBER_OBJECT_CONVERSION = YES_AGGRESSIVE;
				CLANG_CXX_LANGUAGE_STANDARD = "gnu++14";
				CLANG_CXX_LIBRARY = "libc++";
				CLANG_ENABLE_MODULES = YES;
				CLANG_ENABLE_OBJC_ARC = YES;
				CLANG_ENABLE_OBJC_WEAK = YES;
				CLANG_WARN_BLOCK_CAPTURE_AUTORELEASING = YES;
				CLANG_WARN_BOOL_CONVERSION = YES;
				CLANG_WARN_COMMA = YES;
				CLANG_WARN_CONSTANT_CONVERSION = YES;
				CLANG_WARN_DEPRECATED_OBJC_IMPLEMENTATIONS = YES;
				CLANG_WARN_DIRECT_OBJC_ISA_USAGE = YES_ERROR;
				CLANG_WARN_DOCUMENTATION_COMMENTS = YES;
				CLANG_WARN_EMPTY_BODY = YES;
				CLANG_WARN_ENUM_CONVERSION = YES;
				CLANG_WARN_INFINITE_RECURSION = YES;
				CLANG_WARN_INT_CONVERSION = YES;
				CLANG_WARN_NON_LITERAL_NULL_CONVERSION = YES;
				CLANG_WARN_OBJC_IMPLICIT_RETAIN_SELF = YES;
				CLANG_WARN_OBJC_LITERAL_CONVERSION = YES;
				CLANG_WARN_OBJC_ROOT_CLASS = YES_ERROR;
				CLANG_WARN_RANGE_LOOP_ANALYSIS = YES;
				CLANG_WARN_STRICT_PROTOTYPES = YES;
				CLANG_WARN_SUSPICIOUS_MOVE = YES;
				CLANG_WARN_UNGUARDED_AVAILABILITY = YES_AGGRESSIVE;
				CLANG_WARN_UNREACHABLE_CODE = YES;
				CLANG_WARN__DUPLICATE_METHOD_MATCH = YES;
				CODE_SIGN_IDENTITY = "iPhone Developer";
				COPY_PHASE_STRIP = NO;
				DEBUG_INFORMATION_FORMAT = dwarf;
				ENABLE_STRICT_OBJC_MSGSEND = YES;
				ENABLE_TESTABILITY = YES;
				GCC_C_LANGUAGE_STANDARD = gnu11;
				GCC_DYNAMIC_NO_PIC = NO;
				GCC_NO_COMMON_BLOCKS = YES;
				GCC_OPTIMIZATION_LEVEL = 0;
				GCC_PREPROCESSOR_DEFINITIONS = (
					"DEBUG=1",
					"$(inherited)",
				);
				GCC_WARN_64_TO_32_BIT_CONVERSION = YES;
				GCC_WARN_ABOUT_RETURN_TYPE = YES_ERROR;
				GCC_WARN_UNDECLARED_SELECTOR = YES;
				GCC_WARN_UNINITIALIZED_AUTOS = YES_AGGRESSIVE;
				GCC_WARN_UNUSED_FUNCTION = YES;
				GCC_WARN_UNUSED_VARIABLE = YES;
				IPHONEOS_DEPLOYMENT_TARGET = 11.3;
				MTL_ENABLE_DEBUG_INFO = YES;
				ONLY_ACTIVE_ARCH = YES;
				SDKROOT = iphoneos;
				SWIFT_ACTIVE_COMPILATION_CONDITIONS = DEBUG;
				SWIFT_OPTIMIZATION_LEVEL = "-Onone";
			};
			name = Debug;
		};
		344D5359209A0EA5005DF64E /* Release */ = {
			isa = XCBuildConfiguration;
			buildSettings = {
				ALWAYS_SEARCH_USER_PATHS = NO;
				CLANG_ANALYZER_NONNULL = YES;
				CLANG_ANALYZER_NUMBER_OBJECT_CONVERSION = YES_AGGRESSIVE;
				CLANG_CXX_LANGUAGE_STANDARD = "gnu++14";
				CLANG_CXX_LIBRARY = "libc++";
				CLANG_ENABLE_MODULES = YES;
				CLANG_ENABLE_OBJC_ARC = YES;
				CLANG_ENABLE_OBJC_WEAK = YES;
				CLANG_WARN_BLOCK_CAPTURE_AUTORELEASING = YES;
				CLANG_WARN_BOOL_CONVERSION = YES;
				CLANG_WARN_COMMA = YES;
				CLANG_WARN_CONSTANT_CONVERSION = YES;
				CLANG_WARN_DEPRECATED_OBJC_IMPLEMENTATIONS = YES;
				CLANG_WARN_DIRECT_OBJC_ISA_USAGE = YES_ERROR;
				CLANG_WARN_DOCUMENTATION_COMMENTS = YES;
				CLANG_WARN_EMPTY_BODY = YES;
				CLANG_WARN_ENUM_CONVERSION = YES;
				CLANG_WARN_INFINITE_RECURSION = YES;
				CLANG_WARN_INT_CONVERSION = YES;
				CLANG_WARN_NON_LITERAL_NULL_CONVERSION = YES;
				CLANG_WARN_OBJC_IMPLICIT_RETAIN_SELF = YES;
				CLANG_WARN_OBJC_LITERAL_CONVERSION = YES;
				CLANG_WARN_OBJC_ROOT_CLASS = YES_ERROR;
				CLANG_WARN_RANGE_LOOP_ANALYSIS = YES;
				CLANG_WARN_STRICT_PROTOTYPES = YES;
				CLANG_WARN_SUSPICIOUS_MOVE = YES;
				CLANG_WARN_UNGUARDED_AVAILABILITY = YES_AGGRESSIVE;
				CLANG_WARN_UNREACHABLE_CODE = YES;
				CLANG_WARN__DUPLICATE_METHOD_MATCH = YES;
				CODE_SIGN_IDENTITY = "iPhone Developer";
				COPY_PHASE_STRIP = NO;
				DEBUG_INFORMATION_FORMAT = "dwarf-with-dsym";
				ENABLE_NS_ASSERTIONS = NO;
				ENABLE_STRICT_OBJC_MSGSEND = YES;
				GCC_C_LANGUAGE_STANDARD = gnu11;
				GCC_NO_COMMON_BLOCKS = YES;
				GCC_WARN_64_TO_32_BIT_CONVERSION = YES;
				GCC_WARN_ABOUT_RETURN_TYPE = YES_ERROR;
				GCC_WARN_UNDECLARED_SELECTOR = YES;
				GCC_WARN_UNINITIALIZED_AUTOS = YES_AGGRESSIVE;
				GCC_WARN_UNUSED_FUNCTION = YES;
				GCC_WARN_UNUSED_VARIABLE = YES;
				IPHONEOS_DEPLOYMENT_TARGET = 11.3;
				MTL_ENABLE_DEBUG_INFO = NO;
				SDKROOT = iphoneos;
				SWIFT_COMPILATION_MODE = wholemodule;
				SWIFT_OPTIMIZATION_LEVEL = "-O";
				VALIDATE_PRODUCT = YES;
			};
			name = Release;
		};
		344D535B209A0EA5005DF64E /* Debug */ = {
			isa = XCBuildConfiguration;
			buildSettings = {
				ASSETCATALOG_COMPILER_APPICON_NAME = AppIcon;
				CODE_SIGN_STYLE = Automatic;
				INFOPLIST_FILE = Couchto5k/Info.plist;
				LD_RUNPATH_SEARCH_PATHS = (
					"$(inherited)",
					"@executable_path/Frameworks",
				);
				PRODUCT_BUNDLE_IDENTIFIER = com.taylor.chan.Couchto5k;
				PRODUCT_NAME = "$(TARGET_NAME)";
				SWIFT_VERSION = 4.0;
				TARGETED_DEVICE_FAMILY = "1,2";
			};
			name = Debug;
		};
		344D535C209A0EA5005DF64E /* Release */ = {
			isa = XCBuildConfiguration;
			buildSettings = {
				ASSETCATALOG_COMPILER_APPICON_NAME = AppIcon;
				CODE_SIGN_STYLE = Automatic;
				INFOPLIST_FILE = Couchto5k/Info.plist;
				LD_RUNPATH_SEARCH_PATHS = (
					"$(inherited)",
					"@executable_path/Frameworks",
				);
				PRODUCT_BUNDLE_IDENTIFIER = com.taylor.chan.Couchto5k;
				PRODUCT_NAME = "$(TARGET_NAME)";
				SWIFT_VERSION = 4.0;
				TARGETED_DEVICE_FAMILY = "1,2";
			};
			name = Release;
		};
/* End XCBuildConfiguration section */

/* Begin XCConfigurationList section */
		344D5340209A0EA4005DF64E /* Build configuration list for PBXProject "Couchto5k" */ = {
			isa = XCConfigurationList;
			buildConfigurations = (
				344D5358209A0EA5005DF64E /* Debug */,
				344D5359209A0EA5005DF64E /* Release */,
			);
			defaultConfigurationIsVisible = 0;
			defaultConfigurationName = Release;
		};
		344D535A209A0EA5005DF64E /* Build configuration list for PBXNativeTarget "Couchto5k" */ = {
			isa = XCConfigurationList;
			buildConfigurations = (
				344D535B209A0EA5005DF64E /* Debug */,
				344D535C209A0EA5005DF64E /* Release */,
			);
			defaultConfigurationIsVisible = 0;
			defaultConfigurationName = Release;
		};
/* End XCConfigurationList section */

/* Begin XCVersionGroup section */
		344D534F209A0EA4005DF64E /* Couchto5k.xcdatamodeld */ = {
			isa = XCVersionGroup;
			children = (
				344D5350209A0EA4005DF64E /* Couchto5k.xcdatamodel */,
			);
			currentVersion = 344D5350209A0EA4005DF64E /* Couchto5k.xcdatamodel */;
			path = Couchto5k.xcdatamodeld;
			sourceTree = "<group>";
			versionGroupType = wrapper.xcdatamodel;
		};
/* End XCVersionGroup section */
	};
	rootObject = 344D533D209A0EA4005DF64E /* Project object */;
}
